
Microsoft Visual Studio Solution File, Format Version 12.00
# Visual Studio Version 17
VisualStudioVersion = 17.0.31903.59
MinimumVisualStudioVersion = 10.0.40219.1
Project("{9A19103F-16F7-4668-BE54-9A1E7A4F7556}") = "WebAPI", "src\API\WebAPI\WebAPI.csproj", "{02C579B3-E86D-4D0F-972E-C94E5CD39ECC}"
EndProject
Project("{2150E333-8FDC-42A3-9474-1A3956D46DE8}") = "API", "API", "{E32010CB-B853-46EB-88B3-8A6EC5AD9AC9}"
EndProject
Project("{9A19103F-16F7-4668-BE54-9A1E7A4F7556}") = "WebUI", "src\UI\WebUI\WebUI.csproj", "{D5B06E7D-26F7-4420-8943-543DF3045779}"
EndProject
Project("{2150E333-8FDC-42A3-9474-1A3956D46DE8}") = "UI", "UI", "{43725461-12C9-47DF-869B-61E263250B77}"
EndProject
Project("{9A19103F-16F7-4668-BE54-9A1E7A4F7556}") = "AuthService", "src\AuthService\AuthService.csproj", "{0D85021F-E08E-4991-A6E0-6503E43C47CE}"
EndProject
Project("{9A19103F-16F7-4668-BE54-9A1E7A4F7556}") = "WebAssemblyUI", "src\UI\WebAssemblyUI\WebAssemblyUI.csproj", "{3DEC1D1E-8BA9-4775-A336-9111ADF91B17}"
EndProject
Project("{9A19103F-16F7-4668-BE54-9A1E7A4F7556}") = "Domain", "src\API\Services\Warning\Domain\Domain.csproj", "{ADC23D65-34A9-4CDE-A686-CF141C5F7BED}"
EndProject
Project("{9A19103F-16F7-4668-BE54-9A1E7A4F7556}") = "Application", "src\API\Services\Warning\Application\Application.csproj", "{D7307DDC-461B-4555-B5B4-3F96E11EA1DE}"
EndProject
Project("{9A19103F-16F7-4668-BE54-9A1E7A4F7556}") = "Infrastructure", "src\API\Services\Warning\Infrastructure\Infrastructure.csproj", "{CD33D94B-E1D6-4956-8E1D-0B5FC1AD3D0E}"
EndProject
Project("{2150E333-8FDC-42A3-9474-1A3956D46DE8}") = "Services", "Services", "{8E2FFB8E-BD31-4938-9B0E-1D37C777B1AD}"
EndProject
Project("{2150E333-8FDC-42A3-9474-1A3956D46DE8}") = "Warning", "Warning", "{4BCDE318-ECDD-4B0F-AF27-F4B0213EE841}"
EndProject
Project("{9A19103F-16F7-4668-BE54-9A1E7A4F7556}") = "UI.ApiLibrary", "src\UI\UI.Library\UI.ApiLibrary.csproj", "{04F8E764-2328-442C-871E-BD1145171018}"
EndProject
Project("{9A19103F-16F7-4668-BE54-9A1E7A4F7556}") = "Common", "src\API\Services\Common\Common.csproj", "{B14C5ACD-9D9B-47E1-A461-8532A0F381A7}"
EndProject
Project("{2150E333-8FDC-42A3-9474-1A3956D46DE8}") = "DB", "DB", "{886EECF1-0A6D-45A1-89EE-B23E8525A455}"
EndProject
Project("{00D1A9C2-B5F0-4AF3-8072-F6C62B433612}") = "ApiResourceDatabase", "src\ResourceDatabase\ApiResourceDatabase.sqlproj", "{E013584D-6864-4D41-B33D-CDF2B9DC9435}"
EndProject
Project("{2150E333-8FDC-42A3-9474-1A3956D46DE8}") = "Post", "Post", "{A864C9F4-7B2E-47D2-926D-C93C8B577DE9}"
EndProject
Project("{9A19103F-16F7-4668-BE54-9A1E7A4F7556}") = "Post.Infrastructure", "src\API\Services\Post\Post.Infrastructure\Post.Infrastructure.csproj", "{2DF681A7-3697-4533-9554-EA42718477F7}"
EndProject
Project("{9A19103F-16F7-4668-BE54-9A1E7A4F7556}") = "Post.Domain", "src\API\Services\Post\Post.Domain\Post.Domain.csproj", "{4474337F-7500-4395-85A0-DC0B35806DB4}"
EndProject
Project("{9A19103F-16F7-4668-BE54-9A1E7A4F7556}") = "Post.API", "src\API\Services\Post\Post.API\Post.API.csproj", "{61275B70-05FC-4E65-9872-DA6364C7827A}"
EndProject
Project("{9A19103F-16F7-4668-BE54-9A1E7A4F7556}") = "Post.Common", "src\API\Services\Post\Post.Common\Post.Common.csproj", "{F76759DF-2871-4200-806B-4D58BEF7AEB9}"
EndProject
Project("{9A19103F-16F7-4668-BE54-9A1E7A4F7556}") = "Post.Application", "src\API\Services\Post\Post.Application\Post.Application.csproj", "{1A9F57A6-D446-47C2-B2E0-F83470BA8B26}"
EndProject
Project("{2150E333-8FDC-42A3-9474-1A3956D46DE8}") = "User", "User", "{BF7F33E2-3E53-4CE8-88D6-CBC3A97FCBE3}"
EndProject
Project("{9A19103F-16F7-4668-BE54-9A1E7A4F7556}") = "User.Domain", "src\API\Services\User\User.Domain\User.Domain.csproj", "{A2987021-F99E-4E2E-8D2C-D4A57CC0A5A2}"
EndProject
Project("{9A19103F-16F7-4668-BE54-9A1E7A4F7556}") = "User.Application", "src\API\Services\User\User.Application\User.Application.csproj", "{01F7EC04-AA02-40CD-AD0D-42C1AC79378D}"
EndProject
Project("{9A19103F-16F7-4668-BE54-9A1E7A4F7556}") = "User.API", "src\API\Services\User\User.API\User.API.csproj", "{7228747D-51E6-48E7-A432-8C06642F11D5}"
EndProject
Project("{9A19103F-16F7-4668-BE54-9A1E7A4F7556}") = "User.Infrastructure", "src\API\Services\User\User.Infrastructure\User.Infrastructure.csproj", "{DF406E71-0B89-47E8-AA69-E90EF47E009F}"
EndProject
Project("{2150E333-8FDC-42A3-9474-1A3956D46DE8}") = "Mushroom", "Mushroom", "{82F1266C-EBA5-433B-A193-D84A3B16A993}"
EndProject
Project("{9A19103F-16F7-4668-BE54-9A1E7A4F7556}") = "Mushroom.API", "src\API\Services\Mushroom\WebApplication1\Mushroom.API.csproj", "{A7144770-EBC3-4E5B-B3FB-B8B070C3CB48}"
EndProject
Global
	GlobalSection(SolutionConfigurationPlatforms) = preSolution
		Debug|Any CPU = Debug|Any CPU
		Release|Any CPU = Release|Any CPU
	EndGlobalSection
	GlobalSection(ProjectConfigurationPlatforms) = postSolution
		{02C579B3-E86D-4D0F-972E-C94E5CD39ECC}.Debug|Any CPU.ActiveCfg = Debug|Any CPU
		{02C579B3-E86D-4D0F-972E-C94E5CD39ECC}.Debug|Any CPU.Build.0 = Debug|Any CPU
		{02C579B3-E86D-4D0F-972E-C94E5CD39ECC}.Release|Any CPU.ActiveCfg = Release|Any CPU
		{02C579B3-E86D-4D0F-972E-C94E5CD39ECC}.Release|Any CPU.Build.0 = Release|Any CPU
		{D5B06E7D-26F7-4420-8943-543DF3045779}.Debug|Any CPU.ActiveCfg = Debug|Any CPU
		{D5B06E7D-26F7-4420-8943-543DF3045779}.Debug|Any CPU.Build.0 = Debug|Any CPU
		{D5B06E7D-26F7-4420-8943-543DF3045779}.Release|Any CPU.ActiveCfg = Release|Any CPU
		{D5B06E7D-26F7-4420-8943-543DF3045779}.Release|Any CPU.Build.0 = Release|Any CPU
		{0D85021F-E08E-4991-A6E0-6503E43C47CE}.Debug|Any CPU.ActiveCfg = Debug|Any CPU
		{0D85021F-E08E-4991-A6E0-6503E43C47CE}.Debug|Any CPU.Build.0 = Debug|Any CPU
		{0D85021F-E08E-4991-A6E0-6503E43C47CE}.Release|Any CPU.ActiveCfg = Release|Any CPU
		{0D85021F-E08E-4991-A6E0-6503E43C47CE}.Release|Any CPU.Build.0 = Release|Any CPU
		{3DEC1D1E-8BA9-4775-A336-9111ADF91B17}.Debug|Any CPU.ActiveCfg = Debug|Any CPU
		{3DEC1D1E-8BA9-4775-A336-9111ADF91B17}.Debug|Any CPU.Build.0 = Debug|Any CPU
		{3DEC1D1E-8BA9-4775-A336-9111ADF91B17}.Release|Any CPU.ActiveCfg = Release|Any CPU
		{3DEC1D1E-8BA9-4775-A336-9111ADF91B17}.Release|Any CPU.Build.0 = Release|Any CPU
		{ADC23D65-34A9-4CDE-A686-CF141C5F7BED}.Debug|Any CPU.ActiveCfg = Debug|Any CPU
		{ADC23D65-34A9-4CDE-A686-CF141C5F7BED}.Debug|Any CPU.Build.0 = Debug|Any CPU
		{ADC23D65-34A9-4CDE-A686-CF141C5F7BED}.Release|Any CPU.ActiveCfg = Release|Any CPU
		{ADC23D65-34A9-4CDE-A686-CF141C5F7BED}.Release|Any CPU.Build.0 = Release|Any CPU
		{D7307DDC-461B-4555-B5B4-3F96E11EA1DE}.Debug|Any CPU.ActiveCfg = Debug|Any CPU
		{D7307DDC-461B-4555-B5B4-3F96E11EA1DE}.Debug|Any CPU.Build.0 = Debug|Any CPU
		{D7307DDC-461B-4555-B5B4-3F96E11EA1DE}.Release|Any CPU.ActiveCfg = Release|Any CPU
		{D7307DDC-461B-4555-B5B4-3F96E11EA1DE}.Release|Any CPU.Build.0 = Release|Any CPU
		{CD33D94B-E1D6-4956-8E1D-0B5FC1AD3D0E}.Debug|Any CPU.ActiveCfg = Debug|Any CPU
		{CD33D94B-E1D6-4956-8E1D-0B5FC1AD3D0E}.Debug|Any CPU.Build.0 = Debug|Any CPU
		{CD33D94B-E1D6-4956-8E1D-0B5FC1AD3D0E}.Release|Any CPU.ActiveCfg = Release|Any CPU
		{CD33D94B-E1D6-4956-8E1D-0B5FC1AD3D0E}.Release|Any CPU.Build.0 = Release|Any CPU
		{04F8E764-2328-442C-871E-BD1145171018}.Debug|Any CPU.ActiveCfg = Debug|Any CPU
		{04F8E764-2328-442C-871E-BD1145171018}.Debug|Any CPU.Build.0 = Debug|Any CPU
		{04F8E764-2328-442C-871E-BD1145171018}.Release|Any CPU.ActiveCfg = Release|Any CPU
		{04F8E764-2328-442C-871E-BD1145171018}.Release|Any CPU.Build.0 = Release|Any CPU
		{B14C5ACD-9D9B-47E1-A461-8532A0F381A7}.Debug|Any CPU.ActiveCfg = Debug|Any CPU
		{B14C5ACD-9D9B-47E1-A461-8532A0F381A7}.Debug|Any CPU.Build.0 = Debug|Any CPU
		{B14C5ACD-9D9B-47E1-A461-8532A0F381A7}.Release|Any CPU.ActiveCfg = Release|Any CPU
		{B14C5ACD-9D9B-47E1-A461-8532A0F381A7}.Release|Any CPU.Build.0 = Release|Any CPU
		{E013584D-6864-4D41-B33D-CDF2B9DC9435}.Debug|Any CPU.ActiveCfg = Debug|Any CPU
		{E013584D-6864-4D41-B33D-CDF2B9DC9435}.Debug|Any CPU.Build.0 = Debug|Any CPU
		{E013584D-6864-4D41-B33D-CDF2B9DC9435}.Debug|Any CPU.Deploy.0 = Debug|Any CPU
		{E013584D-6864-4D41-B33D-CDF2B9DC9435}.Release|Any CPU.ActiveCfg = Release|Any CPU
		{E013584D-6864-4D41-B33D-CDF2B9DC9435}.Release|Any CPU.Build.0 = Release|Any CPU
		{E013584D-6864-4D41-B33D-CDF2B9DC9435}.Release|Any CPU.Deploy.0 = Release|Any CPU
		{2DF681A7-3697-4533-9554-EA42718477F7}.Debug|Any CPU.ActiveCfg = Debug|Any CPU
		{2DF681A7-3697-4533-9554-EA42718477F7}.Debug|Any CPU.Build.0 = Debug|Any CPU
		{2DF681A7-3697-4533-9554-EA42718477F7}.Release|Any CPU.ActiveCfg = Release|Any CPU
		{2DF681A7-3697-4533-9554-EA42718477F7}.Release|Any CPU.Build.0 = Release|Any CPU
		{4474337F-7500-4395-85A0-DC0B35806DB4}.Debug|Any CPU.ActiveCfg = Debug|Any CPU
		{4474337F-7500-4395-85A0-DC0B35806DB4}.Debug|Any CPU.Build.0 = Debug|Any CPU
		{4474337F-7500-4395-85A0-DC0B35806DB4}.Release|Any CPU.ActiveCfg = Release|Any CPU
		{4474337F-7500-4395-85A0-DC0B35806DB4}.Release|Any CPU.Build.0 = Release|Any CPU
		{61275B70-05FC-4E65-9872-DA6364C7827A}.Debug|Any CPU.ActiveCfg = Debug|Any CPU
		{61275B70-05FC-4E65-9872-DA6364C7827A}.Debug|Any CPU.Build.0 = Debug|Any CPU
		{61275B70-05FC-4E65-9872-DA6364C7827A}.Release|Any CPU.ActiveCfg = Release|Any CPU
		{61275B70-05FC-4E65-9872-DA6364C7827A}.Release|Any CPU.Build.0 = Release|Any CPU
		{F76759DF-2871-4200-806B-4D58BEF7AEB9}.Debug|Any CPU.ActiveCfg = Debug|Any CPU
		{F76759DF-2871-4200-806B-4D58BEF7AEB9}.Debug|Any CPU.Build.0 = Debug|Any CPU
		{F76759DF-2871-4200-806B-4D58BEF7AEB9}.Release|Any CPU.ActiveCfg = Release|Any CPU
		{F76759DF-2871-4200-806B-4D58BEF7AEB9}.Release|Any CPU.Build.0 = Release|Any CPU
		{1A9F57A6-D446-47C2-B2E0-F83470BA8B26}.Debug|Any CPU.ActiveCfg = Debug|Any CPU
		{1A9F57A6-D446-47C2-B2E0-F83470BA8B26}.Debug|Any CPU.Build.0 = Debug|Any CPU
		{1A9F57A6-D446-47C2-B2E0-F83470BA8B26}.Release|Any CPU.ActiveCfg = Release|Any CPU
		{1A9F57A6-D446-47C2-B2E0-F83470BA8B26}.Release|Any CPU.Build.0 = Release|Any CPU
		{A2987021-F99E-4E2E-8D2C-D4A57CC0A5A2}.Debug|Any CPU.ActiveCfg = Debug|Any CPU
		{A2987021-F99E-4E2E-8D2C-D4A57CC0A5A2}.Debug|Any CPU.Build.0 = Debug|Any CPU
		{A2987021-F99E-4E2E-8D2C-D4A57CC0A5A2}.Release|Any CPU.ActiveCfg = Release|Any CPU
		{A2987021-F99E-4E2E-8D2C-D4A57CC0A5A2}.Release|Any CPU.Build.0 = Release|Any CPU
		{01F7EC04-AA02-40CD-AD0D-42C1AC79378D}.Debug|Any CPU.ActiveCfg = Debug|Any CPU
		{01F7EC04-AA02-40CD-AD0D-42C1AC79378D}.Debug|Any CPU.Build.0 = Debug|Any CPU
		{01F7EC04-AA02-40CD-AD0D-42C1AC79378D}.Release|Any CPU.ActiveCfg = Release|Any CPU
		{01F7EC04-AA02-40CD-AD0D-42C1AC79378D}.Release|Any CPU.Build.0 = Release|Any CPU
		{7228747D-51E6-48E7-A432-8C06642F11D5}.Debug|Any CPU.ActiveCfg = Debug|Any CPU
		{7228747D-51E6-48E7-A432-8C06642F11D5}.Debug|Any CPU.Build.0 = Debug|Any CPU
		{7228747D-51E6-48E7-A432-8C06642F11D5}.Release|Any CPU.ActiveCfg = Release|Any CPU
		{7228747D-51E6-48E7-A432-8C06642F11D5}.Release|Any CPU.Build.0 = Release|Any CPU
		{DF406E71-0B89-47E8-AA69-E90EF47E009F}.Debug|Any CPU.ActiveCfg = Debug|Any CPU
		{DF406E71-0B89-47E8-AA69-E90EF47E009F}.Debug|Any CPU.Build.0 = Debug|Any CPU
		{DF406E71-0B89-47E8-AA69-E90EF47E009F}.Release|Any CPU.ActiveCfg = Release|Any CPU
		{DF406E71-0B89-47E8-AA69-E90EF47E009F}.Release|Any CPU.Build.0 = Release|Any CPU
		{A7144770-EBC3-4E5B-B3FB-B8B070C3CB48}.Debug|Any CPU.ActiveCfg = Debug|Any CPU
		{A7144770-EBC3-4E5B-B3FB-B8B070C3CB48}.Debug|Any CPU.Build.0 = Debug|Any CPU
		{A7144770-EBC3-4E5B-B3FB-B8B070C3CB48}.Release|Any CPU.ActiveCfg = Release|Any CPU
		{A7144770-EBC3-4E5B-B3FB-B8B070C3CB48}.Release|Any CPU.Build.0 = Release|Any CPU
	EndGlobalSection
	GlobalSection(SolutionProperties) = preSolution
		HideSolutionNode = FALSE
	EndGlobalSection
	GlobalSection(NestedProjects) = preSolution
		{02C579B3-E86D-4D0F-972E-C94E5CD39ECC} = {E32010CB-B853-46EB-88B3-8A6EC5AD9AC9}
		{D5B06E7D-26F7-4420-8943-543DF3045779} = {43725461-12C9-47DF-869B-61E263250B77}
		{3DEC1D1E-8BA9-4775-A336-9111ADF91B17} = {43725461-12C9-47DF-869B-61E263250B77}
		{ADC23D65-34A9-4CDE-A686-CF141C5F7BED} = {4BCDE318-ECDD-4B0F-AF27-F4B0213EE841}
		{D7307DDC-461B-4555-B5B4-3F96E11EA1DE} = {4BCDE318-ECDD-4B0F-AF27-F4B0213EE841}
		{CD33D94B-E1D6-4956-8E1D-0B5FC1AD3D0E} = {4BCDE318-ECDD-4B0F-AF27-F4B0213EE841}
		{8E2FFB8E-BD31-4938-9B0E-1D37C777B1AD} = {E32010CB-B853-46EB-88B3-8A6EC5AD9AC9}
		{4BCDE318-ECDD-4B0F-AF27-F4B0213EE841} = {8E2FFB8E-BD31-4938-9B0E-1D37C777B1AD}
		{04F8E764-2328-442C-871E-BD1145171018} = {43725461-12C9-47DF-869B-61E263250B77}
		{B14C5ACD-9D9B-47E1-A461-8532A0F381A7} = {E32010CB-B853-46EB-88B3-8A6EC5AD9AC9}
		{E013584D-6864-4D41-B33D-CDF2B9DC9435} = {886EECF1-0A6D-45A1-89EE-B23E8525A455}
		{A864C9F4-7B2E-47D2-926D-C93C8B577DE9} = {8E2FFB8E-BD31-4938-9B0E-1D37C777B1AD}
		{2DF681A7-3697-4533-9554-EA42718477F7} = {A864C9F4-7B2E-47D2-926D-C93C8B577DE9}
		{4474337F-7500-4395-85A0-DC0B35806DB4} = {A864C9F4-7B2E-47D2-926D-C93C8B577DE9}
		{61275B70-05FC-4E65-9872-DA6364C7827A} = {A864C9F4-7B2E-47D2-926D-C93C8B577DE9}
		{F76759DF-2871-4200-806B-4D58BEF7AEB9} = {A864C9F4-7B2E-47D2-926D-C93C8B577DE9}
		{1A9F57A6-D446-47C2-B2E0-F83470BA8B26} = {A864C9F4-7B2E-47D2-926D-C93C8B577DE9}
		{BF7F33E2-3E53-4CE8-88D6-CBC3A97FCBE3} = {8E2FFB8E-BD31-4938-9B0E-1D37C777B1AD}
		{A2987021-F99E-4E2E-8D2C-D4A57CC0A5A2} = {BF7F33E2-3E53-4CE8-88D6-CBC3A97FCBE3}
		{01F7EC04-AA02-40CD-AD0D-42C1AC79378D} = {BF7F33E2-3E53-4CE8-88D6-CBC3A97FCBE3}
		{7228747D-51E6-48E7-A432-8C06642F11D5} = {BF7F33E2-3E53-4CE8-88D6-CBC3A97FCBE3}
		{DF406E71-0B89-47E8-AA69-E90EF47E009F} = {BF7F33E2-3E53-4CE8-88D6-CBC3A97FCBE3}
		{82F1266C-EBA5-433B-A193-D84A3B16A993} = {8E2FFB8E-BD31-4938-9B0E-1D37C777B1AD}
		{A7144770-EBC3-4E5B-B3FB-B8B070C3CB48} = {82F1266C-EBA5-433B-A193-D84A3B16A993}
	EndGlobalSection
	GlobalSection(ExtensibilityGlobals) = postSolution
		SolutionGuid = {22057A08-34B4-47D1-B82C-907E984BCAE5}
	EndGlobalSection
EndGlobal
